{
  "requires": true,
  "lockfileVersion": 1,
  "dependencies": {
    "@capacitor/android": {
      "version": "8.4.0",
      "resolved": "https://registry.npmjs.org/@capacitor/android/-/android-8.4.0.tgz",
      "integrity": "sha512-K1ZPkQzvRzPEALz9nBdLx5p5nAPzp5fsTYWk7LRiKZeH/NXqjDvqfTv7lrLgrziQNoDeaL6ijg64oBREzXiV+g=="
    }
  }
}
